
Microsoft Visual Studio Solution File, Format Version 12.00
# Visual Studio Version 17
VisualStudioVersion = 17.5.33530.505
MinimumVisualStudioVersion = 10.0.40219.1
Project("{FAE04EC0-301F-11D3-BF4B-00C04F79EFBC}") = "AlgorithmAlley", "AlgorithmAlley.csproj", "{9B83B0EF-5180-43E2-A403-A62EE7A4A629}"
EndProject
Global
	GlobalSection(SolutionConfigurationPlatforms) = preSolution
		Debug|Any CPU = Debug|Any CPU
		Release|Any CPU = Release|Any CPU
	EndGlobalSection
	GlobalSection(ProjectConfigurationPlatforms) = postSolution
		{9B83B0EF-5180-43E2-A403-A62EE7A4A629}.Debug|Any CPU.ActiveCfg = Debug|Any CPU
		{9B83B0EF-5180-43E2-A403-A62EE7A4A629}.Debug|Any CPU.Build.0 = Debug|Any CPU
		{9B83B0EF-5180-43E2-A403-A62EE7A4A629}.Release|Any CPU.ActiveCfg = Release|Any CPU
		{9B83B0EF-5180-43E2-A403-A62EE7A4A629}.Release|Any CPU.Build.0 = Release|Any CPU
	EndGlobalSection
	GlobalSection(SolutionProperties) = preSolution
		HideSolutionNode = FALSE
	EndGlobalSection
	GlobalSection(ExtensibilityGlobals) = postSolution
		SolutionGuid = {196F0FE7-5EFD-469D-98FF-57ADB68D875C}
	EndGlobalSection
EndGlobal
